
Microsoft Visual Studio Solution File, Format Version 12.00
# Visual Studio Version 17
VisualStudioVersion = 17.6.33815.320
MinimumVisualStudioVersion = 10.0.40219.1
Project("{FAE04EC0-301F-11D3-BF4B-00C04F79EFBC}") = "Formula1", "Formula1\Formula1.csproj", "{F9E0D2E2-FFA4-434A-BB07-B4D5747D43AB}"
EndProject
Global
	GlobalSection(SolutionConfigurationPlatforms) = preSolution
		Debug|Any CPU = Debug|Any CPU
		Release|Any CPU = Release|Any CPU
	EndGlobalSection
	GlobalSection(ProjectConfigurationPlatforms) = postSolution
		{F9E0D2E2-FFA4-434A-BB07-B4D5747D43AB}.Debug|Any CPU.ActiveCfg = Debug|Any CPU
		{F9E0D2E2-FFA4-434A-BB07-B4D5747D43AB}.Debug|Any CPU.Build.0 = Debug|Any CPU
		{F9E0D2E2-FFA4-434A-BB07-B4D5747D43AB}.Release|Any CPU.ActiveCfg = Release|Any CPU
		{F9E0D2E2-FFA4-434A-BB07-B4D5747D43AB}.Release|Any CPU.Build.0 = Release|Any CPU
	EndGlobalSection
	GlobalSection(SolutionProperties) = preSolution
		HideSolutionNode = FALSE
	EndGlobalSection
	GlobalSection(ExtensibilityGlobals) = postSolution
		SolutionGuid = {8E16DEB1-88B9-47D7-8670-8D12FC220690}
	EndGlobalSection
EndGlobal
